
Microsoft Visual Studio Solution File, Format Version 12.00
# Visual Studio 15
VisualStudioVersion = 15.0.27428.2043
MinimumVisualStudioVersion = 10.0.40219.1
Project("{888888A0-9F3D-457C-B088-3A5042F75D52}") = "SLZad2", "SLZad2\SLZad2.pyproj", "{ED03A732-56A9-4BE9-88F2-91D68979C7B6}"
EndProject
Global
	GlobalSection(SolutionConfigurationPlatforms) = preSolution
		Debug|Any CPU = Debug|Any CPU
		Release|Any CPU = Release|Any CPU
	EndGlobalSection
	GlobalSection(ProjectConfigurationPlatforms) = postSolution
		{ED03A732-56A9-4BE9-88F2-91D68979C7B6}.Debug|Any CPU.ActiveCfg = Debug|Any CPU
		{ED03A732-56A9-4BE9-88F2-91D68979C7B6}.Release|Any CPU.ActiveCfg = Release|Any CPU
	EndGlobalSection
	GlobalSection(SolutionProperties) = preSolution
		HideSolutionNode = FALSE
	EndGlobalSection
	GlobalSection(ExtensibilityGlobals) = postSolution
		SolutionGuid = {46CFC5C9-9588-47F2-81FE-4D5127638456}
	EndGlobalSection
EndGlobal
